
Microsoft Visual Studio Solution File, Format Version 12.00
# Visual Studio 15
Project("{FAE04EC0-301F-11D3-BF4B-00C04F79EFBC}") = "Assembly-CSharp", "Assembly-CSharp.csproj", "{3A21BE9B-AA69-4856-C7C5-536A53ED6A3B}"
EndProject
Project("{FAE04EC0-301F-11D3-BF4B-00C04F79EFBC}") = "Assembly-CSharp-Editor", "Assembly-CSharp-Editor.csproj", "{CE04C89C-BB60-8B33-40A0-DEDE318F1120}"
EndProject
Global
	GlobalSection(SolutionConfigurationPlatforms) = preSolution
		Debug|Any CPU = Debug|Any CPU
		Release|Any CPU = Release|Any CPU
	EndGlobalSection
	GlobalSection(ProjectConfigurationPlatforms) = postSolution
		{3A21BE9B-AA69-4856-C7C5-536A53ED6A3B}.Debug|Any CPU.ActiveCfg = Debug|Any CPU
		{3A21BE9B-AA69-4856-C7C5-536A53ED6A3B}.Debug|Any CPU.Build.0 = Debug|Any CPU
		{3A21BE9B-AA69-4856-C7C5-536A53ED6A3B}.Release|Any CPU.ActiveCfg = Release|Any CPU
		{3A21BE9B-AA69-4856-C7C5-536A53ED6A3B}.Release|Any CPU.Build.0 = Release|Any CPU
		{CE04C89C-BB60-8B33-40A0-DEDE318F1120}.Debug|Any CPU.ActiveCfg = Debug|Any CPU
		{CE04C89C-BB60-8B33-40A0-DEDE318F1120}.Debug|Any CPU.Build.0 = Debug|Any CPU
		{CE04C89C-BB60-8B33-40A0-DEDE318F1120}.Release|Any CPU.ActiveCfg = Release|Any CPU
		{CE04C89C-BB60-8B33-40A0-DEDE318F1120}.Release|Any CPU.Build.0 = Release|Any CPU
	EndGlobalSection
	GlobalSection(SolutionProperties) = preSolution
		HideSolutionNode = FALSE
	EndGlobalSection
EndGlobal
